
Microsoft Visual Studio Solution File, Format Version 12.00
# Visual Studio Version 17
VisualStudioVersion = 17.10.35122.118
MinimumVisualStudioVersion = 10.0.40219.1
Project("{FAE04EC0-301F-11D3-BF4B-00C04F79EFBC}") = "ADO_disconnected060824", "ADO_disconnected060824.csproj", "{EA1D6574-800A-4BEE-97C1-474E67352D6B}"
EndProject
Global
	GlobalSection(SolutionConfigurationPlatforms) = preSolution
		Debug|Any CPU = Debug|Any CPU
		Release|Any CPU = Release|Any CPU
	EndGlobalSection
	GlobalSection(ProjectConfigurationPlatforms) = postSolution
		{EA1D6574-800A-4BEE-97C1-474E67352D6B}.Debug|Any CPU.ActiveCfg = Debug|Any CPU
		{EA1D6574-800A-4BEE-97C1-474E67352D6B}.Debug|Any CPU.Build.0 = Debug|Any CPU
		{EA1D6574-800A-4BEE-97C1-474E67352D6B}.Release|Any CPU.ActiveCfg = Release|Any CPU
		{EA1D6574-800A-4BEE-97C1-474E67352D6B}.Release|Any CPU.Build.0 = Release|Any CPU
	EndGlobalSection
	GlobalSection(SolutionProperties) = preSolution
		HideSolutionNode = FALSE
	EndGlobalSection
	GlobalSection(ExtensibilityGlobals) = postSolution
		SolutionGuid = {80274636-4C48-4B7B-A648-CA315A151F4F}
	EndGlobalSection
EndGlobal
